// !$*UTF8*$!
{
	archiveVersion = 1;
	classes = {
	};
	objectVersion = 46;
	objects = {

/* Begin PBXBuildFile section */
		8BE815301C78D70C005F23CE /* AppDelegate.swift in Sources */ = {isa = PBXBuildFile; fileRef = 8BE8152F1C78D70C005F23CE /* AppDelegate.swift */; };
		8BE815371C78D70C005F23CE /* Main.storyboard in Resources */ = {isa = PBXBuildFile; fileRef = 8BE815351C78D70C005F23CE /* Main.storyboard */; };
		8BE815391C78D70C005F23CE /* Assets.xcassets in Resources */ = {isa = PBXBuildFile; fileRef = 8BE815381C78D70C005F23CE /* Assets.xcassets */; };
		8BE8153C1C78D70C005F23CE /* LaunchScreen.storyboard in Resources */ = {isa = PBXBuildFile; fileRef = 8BE8153A1C78D70C005F23CE /* LaunchScreen.storyboard */; };
		8BE815451C78D7B8005F23CE /* MonthlyController.swift in Sources */ = {isa = PBXBuildFile; fileRef = 8BE815431C78D7B8005F23CE /* MonthlyController.swift */; };
		8BE815461C78D7B8005F23CE /* ViewController.swift in Sources */ = {isa = PBXBuildFile; fileRef = 8BE815441C78D7B8005F23CE /* ViewController.swift */; };
/* End PBXBuildFile section */

/* Begin PBXFileReference section */
		8BE8152C1C78D70C005F23CE /* SwiftPrayTimesExample.app */ = {isa = PBXFileReference; explicitFileType = wrapper.application; includeInIndex = 0; path = SwiftPrayTimesExample.app; sourceTree = BUILT_PRODUCTS_DIR; };
		8BE8152F1C78D70C005F23CE /* AppDelegate.swift */ = {isa = PBXFileReference; lastKnownFileType = sourcecode.swift; path = AppDelegate.swift; sourceTree = "<group>"; };
		8BE815361C78D70C005F23CE /* Base */ = {isa = PBXFileReference; lastKnownFileType = file.storyboard; name = Base; path = Base.lproj/Main.storyboard; sourceTree = "<group>"; };
		8BE815381C78D70C005F23CE /* Assets.xcassets */ = {isa = PBXFileReference; lastKnownFileType = folder.assetcatalog; path = Assets.xcassets; sourceTree = "<group>"; };
		8BE8153B1C78D70C005F23CE /* Base */ = {isa = PBXFileReference; lastKnownFileType = file.storyboard; name = Base; path = Base.lproj/LaunchScreen.storyboard; sourceTree = "<group>"; };
		8BE8153D1C78D70C005F23CE /* Info.plist */ = {isa = PBXFileReference; lastKnownFileType = text.plist.xml; path = Info.plist; sourceTree = "<group>"; };
		8BE815431C78D7B8005F23CE /* MonthlyController.swift */ = {isa = PBXFileReference; fileEncoding = 4; lastKnownFileType = sourcecode.swift; path = MonthlyController.swift; sourceTree = "<group>"; };
		8BE815441C78D7B8005F23CE /* ViewController.swift */ = {isa = PBXFileReference; fileEncoding = 4; lastKnownFileType = sourcecode.swift; path = ViewController.swift; sourceTree = "<group>"; };
/* End PBXFileReference section */

/* Begin PBXFrameworksBuildPhase section */
		8BE815291C78D70C005F23CE /* Frameworks */ = {
			isa = PBXFrameworksBuildPhase;
			buildActionMask = 2147483647;
			files = (
			);
			runOnlyForDeploymentPostprocessing = 0;
		};
/* End PBXFrameworksBuildPhase section */

/* Begin PBXGroup section */
		8BE815231C78D70C005F23CE = {
			isa = PBXGroup;
			children = (
				8BE8152E1C78D70C005F23CE /* SwiftPrayTimesExample */,
				8BE8152D1C78D70C005F23CE /* Products */,
			);
			sourceTree = "<group>";
		};
		8BE8152D1C78D70C005F23CE /* Products */ = {
			isa = PBXGroup;
			children = (
				8BE8152C1C78D70C005F23CE /* SwiftPrayTimesExample.app */,
			);
			name = Products;
			sourceTree = "<group>";
		};
		8BE8152E1C78D70C005F23CE /* SwiftPrayTimesExample */ = {
			isa = PBXGroup;
			children = (
				8BE8152F1C78D70C005F23CE /* AppDelegate.swift */,
				8BE815431C78D7B8005F23CE /* MonthlyController.swift */,
				8BE815441C78D7B8005F23CE /* ViewController.swift */,
				8BE815351C78D70C005F23CE /* Main.storyboard */,
				8BE8153A1C78D70C005F23CE /* LaunchScreen.storyboard */,
				8BE815381C78D70C005F23CE /* Assets.xcassets */,
				8BE8153D1C78D70C005F23CE /* Info.plist */,
			);
			path = SwiftPrayTimesExample;
			sourceTree = "<group>";
		};
/* End PBXGroup section */

/* Begin PBXNativeTarget section */
		8BE8152B1C78D70C005F23CE /* SwiftPrayTimesExample */ = {
			isa = PBXNativeTarget;
			buildConfigurationList = 8BE815401C78D70C005F23CE /* Build configuration list for PBXNativeTarget "SwiftPrayTimesExample" */;
			buildPhases = (
				8BE815281C78D70C005F23CE /* Sources */,
				8BE815291C78D70C005F23CE /* Frameworks */,
				8BE8152A1C78D70C005F23CE /* Resources */,
			);
			buildRules = (
			);
			dependencies = (
			);
			name = SwiftPrayTimesExample;
			productName = SwiftPrayTimesExample;
			productReference = 8BE8152C1C78D70C005F23CE /* SwiftPrayTimesExample.app */;
			productType = "com.apple.product-type.application";
		};
/* End PBXNativeTarget section */

/* Begin PBXProject section */
		8BE815241C78D70C005F23CE /* Project object */ = {
			isa = PBXProject;
			attributes = {
				LastSwiftUpdateCheck = 0720;
				LastUpgradeCheck = 0720;
				ORGANIZATIONNAME = Zamzam;
				TargetAttributes = {
					8BE8152B1C78D70C005F23CE = {
						CreatedOnToolsVersion = 7.2.1;
					};
				};
			};
			buildConfigurationList = 8BE815271C78D70C005F23CE /* Build configuration list for PBXProject "SwiftPrayTimesExample" */;
			compatibilityVersion = "Xcode 3.2";
			developmentRegion = English;
			hasScannedForEncodings = 0;
			knownRegions = (
				en,
				Base,
			);
			mainGroup = 8BE815231C78D70C005F23CE;
			productRefGroup = 8BE8152D1C78D70C005F23CE /* Products */;
			projectDirPath = "";
			projectRoot = "";
			targets = (
				8BE8152B1C78D70C005F23CE /* SwiftPrayTimesExample */,
			);
		};
/* End PBXProject section */

/* Begin PBXResourcesBuildPhase section */
		8BE8152A1C78D70C005F23CE /* Resources */ = {
			isa = PBXResourcesBuildPhase;
			buildActionMask = 2147483647;
			files = (
				8BE8153C1C78D70C005F23CE /* LaunchScreen.storyboard in Resources */,
				8BE815391C78D70C005F23CE /* Assets.xcassets in Resources */,
				8BE815371C78D70C005F23CE /* Main.storyboard in Resources */,
			);
			runOnlyForDeploymentPostprocessing = 0;
		};
/* End PBXResourcesBuildPhase section */

/* Begin PBXSourcesBuildPhase section */
		8BE815281C78D70C005F23CE /* Sources */ = {
			isa = PBXSourcesBuildPhase;
			buildActionMask = 2147483647;
			files = (
				8BE815461C78D7B8005F23CE /* ViewController.swift in Sources */,
				8BE815301C78D70C005F23CE /* AppDelegate.swift in Sources */,
				8BE815451C78D7B8005F23CE /* MonthlyController.swift in Sources */,
			);
			runOnlyForDeploymentPostprocessing = 0;
		};
/* End PBXSourcesBuildPhase section */

/* Begin PBXVariantGroup section */
		8BE815351C78D70C005F23CE /* Main.storyboard */ = {
			isa = PBXVariantGroup;
			children = (
				8BE815361C78D70C005F23CE /* Base */,
			);
			name = Main.storyboard;
			sourceTree = "<group>";
		};
		8BE8153A1C78D70C005F23CE /* LaunchScreen.storyboard */ = {
			isa = PBXVariantGroup;
			children = (
				8BE8153B1C78D70C005F23CE /* Base */,
			);
			name = LaunchScreen.storyboard;
			sourceTree = "<group>";
		};
/* End PBXVariantGroup section */

/* Begin XCBuildConfiguration section */
		8BE8153E1C78D70C005F23CE /* Debug */ = {
			isa = XCBuildConfiguration;
			buildSettings = {
				ALWAYS_SEARCH_USER_PATHS = NO;
				CLANG_CXX_LANGUAGE_STANDARD = "gnu++0x";
				CLANG_CXX_LIBRARY = "libc++";
				CLANG_ENABLE_MODULES = YES;
				CLANG_ENABLE_OBJC_ARC = YES;
				CLANG_WARN_BOOL_CONVERSION = YES;
				CLANG_WARN_CONSTANT_CONVERSION = YES;
				CLANG_WARN_DIRECT_OBJC_ISA_USAGE = YES_ERROR;
				CLANG_WARN_EMPTY_BODY = YES;
				CLANG_WARN_ENUM_CONVERSION = YES;
				CLANG_WARN_INT_CONVERSION = YES;
				CLANG_WARN_OBJC_ROOT_CLASS = YES_ERROR;
				CLANG_WARN_UNREACHABLE_CODE = YES;
				CLANG_WARN__DUPLICATE_METHOD_MATCH = YES;
				"CODE_SIGN_IDENTITY[sdk=iphoneos*]" = "iPhone Developer";
				COPY_PHASE_STRIP = NO;
				DEBUG_INFORMATION_FORMAT = dwarf;
				ENABLE_STRICT_OBJC_MSGSEND = YES;
				ENABLE_TESTABILITY = YES;
				GCC_C_LANGUAGE_STANDARD = gnu99;
				GCC_DYNAMIC_NO_PIC = NO;
				GCC_NO_COMMON_BLOCKS = YES;
				GCC_OPTIMIZATION_LEVEL = 0;
				GCC_PREPROCESSOR_DEFINITIONS = (
					"DEBUG=1",
					"$(inherited)",
				);
				GCC_WARN_64_TO_32_BIT_CONVERSION = YES;
				GCC_WARN_ABOUT_RETURN_TYPE = YES_ERROR;
				GCC_WARN_UNDECLARED_SELECTOR = YES;
				GCC_WARN_UNINITIALIZED_AUTOS = YES_AGGRESSIVE;
				GCC_WARN_UNUSED_FUNCTION = YES;
				GCC_WARN_UNUSED_VARIABLE = YES;
				IPHONEOS_DEPLOYMENT_TARGET = 9.2;
				MTL_ENABLE_DEBUG_INFO = YES;
				ONLY_ACTIVE_ARCH = YES;
				SDKROOT = iphoneos;
				SWIFT_OPTIMIZATION_LEVEL = "-Onone";
			};
			name = Debug;
		};
		8BE8153F1C78D70C005F23CE /* Release */ = {
			isa = XCBuildConfiguration;
			buildSettings = {
				ALWAYS_SEARCH_USER_PATHS = NO;
				CLANG_CXX_LANGUAGE_STANDARD = "gnu++0x";
				CLANG_CXX_LIBRARY = "libc++";
				CLANG_ENABLE_MODULES = YES;
				CLANG_ENABLE_OBJC_ARC = YES;
				CLANG_WARN_BOOL_CONVERSION = YES;
				CLANG_WARN_CONSTANT_CONVERSION = YES;
				CLANG_WARN_DIRECT_OBJC_ISA_USAGE = YES_ERROR;
				CLANG_WARN_EMPTY_BODY = YES;
				CLANG_WARN_ENUM_CONVERSION = YES;
				CLANG_WARN_INT_CONVERSION = YES;
				CLANG_WARN_OBJC_ROOT_CLASS = YES_ERROR;
				CLANG_WARN_UNREACHABLE_CODE = YES;
				CLANG_WARN__DUPLICATE_METHOD_MATCH = YES;
				"CODE_SIGN_IDENTITY[sdk=iphoneos*]" = "iPhone Developer";
				COPY_PHASE_STRIP = NO;
				DEBUG_INFORMATION_FORMAT = "dwarf-with-dsym";
				ENABLE_NS_ASSERTIONS = NO;
				ENABLE_STRICT_OBJC_MSGSEND = YES;
				GCC_C_LANGUAGE_STANDARD = gnu99;
				GCC_NO_COMMON_BLOCKS = YES;
				GCC_WARN_64_TO_32_BIT_CONVERSION = YES;
				GCC_WARN_ABOUT_RETURN_TYPE = YES_ERROR;
				GCC_WARN_UNDECLARED_SELECTOR = YES;
				GCC_WARN_UNINITIALIZED_AUTOS = YES_AGGRESSIVE;
				GCC_WARN_UNUSED_FUNCTION = YES;
				GCC_WARN_UNUSED_VARIABLE = YES;
				IPHONEOS_DEPLOYMENT_TARGET = 9.2;
				MTL_ENABLE_DEBUG_INFO = NO;
				SDKROOT = iphoneos;
				VALIDATE_PRODUCT = YES;
			};
			name = Release;
		};
		8BE815411C78D70C005F23CE /* Debug */ = {
			isa = XCBuildConfiguration;
			buildSettings = {
				ASSETCATALOG_COMPILER_APPICON_NAME = AppIcon;
				INFOPLIST_FILE = SwiftPrayTimesExample/Info.plist;
				LD_RUNPATH_SEARCH_PATHS = "$(inherited) @executable_path/Frameworks";
				PRODUCT_BUNDLE_IDENTIFIER = io.zamzam.SwiftPrayTimesExample;
				PRODUCT_NAME = "$(TARGET_NAME)";
			};
			name = Debug;
		};
		8BE815421C78D70C005F23CE /* Release */ = {
			isa = XCBuildConfiguration;
			buildSettings = {
				ASSETCATALOG_COMPILER_APPICON_NAME = AppIcon;
				INFOPLIST_FILE = SwiftPrayTimesExample/Info.plist;
				LD_RUNPATH_SEARCH_PATHS = "$(inherited) @executable_path/Frameworks";
				PRODUCT_BUNDLE_IDENTIFIER = io.zamzam.SwiftPrayTimesExample;
				PRODUCT_NAME = "$(TARGET_NAME)";
			};
			name = Release;
		};
/* End XCBuildConfiguration section */

/* Begin XCConfigurationList section */
		8BE815271C78D70C005F23CE /* Build configuration list for PBXProject "SwiftPrayTimesExample" */ = {
			isa = XCConfigurationList;
			buildConfigurations = (
				8BE8153E1C78D70C005F23CE /* Debug */,
				8BE8153F1C78D70C005F23CE /* Release */,
			);
			defaultConfigurationIsVisible = 0;
			defaultConfigurationName = Release;
		};
		8BE815401C78D70C005F23CE /* Build configuration list for PBXNativeTarget "SwiftPrayTimesExample" */ = {
			isa = XCConfigurationList;
			buildConfigurations = (
				8BE815411C78D70C005F23CE /* Debug */,
				8BE815421C78D70C005F23CE /* Release */,
			);
			defaultConfigurationIsVisible = 0;
		};
/* End XCConfigurationList section */
	};
	rootObject = 8BE815241C78D70C005F23CE /* Project object */;
}
